
Microsoft Visual Studio Solution File, Format Version 12.00
# Visual Studio 15
VisualStudioVersion = 15.0.26730.10
MinimumVisualStudioVersion = 10.0.40219.1
Project("{FAE04EC0-301F-11D3-BF4B-00C04F79EFBC}") = "TrabajoFinal", "TrabajoFinal\TrabajoFinal.csproj", "{FAD97558-AF6F-4CDC-B446-EB73D10E40F0}"
EndProject
Project("{FAE04EC0-301F-11D3-BF4B-00C04F79EFBC}") = "Controladora", "Controladora\Controladora.csproj", "{26DC011D-6CD6-4082-87C9-95FDB1035A85}"
EndProject
Project("{FAE04EC0-301F-11D3-BF4B-00C04F79EFBC}") = "Entidades", "Entidades\Entidades.csproj", "{AF0ED3D7-70F5-4814-86E6-FED4EDFA0DF3}"
EndProject
Project("{FAE04EC0-301F-11D3-BF4B-00C04F79EFBC}") = "Broker", "Broker\Broker.csproj", "{0A651C54-3859-46BC-9D97-6FF41FDB2282}"
EndProject
Global
	GlobalSection(SolutionConfigurationPlatforms) = preSolution
		Debug|Any CPU = Debug|Any CPU
		Release|Any CPU = Release|Any CPU
	EndGlobalSection
	GlobalSection(ProjectConfigurationPlatforms) = postSolution
		{FAD97558-AF6F-4CDC-B446-EB73D10E40F0}.Debug|Any CPU.ActiveCfg = Debug|Any CPU
		{FAD97558-AF6F-4CDC-B446-EB73D10E40F0}.Debug|Any CPU.Build.0 = Debug|Any CPU
		{FAD97558-AF6F-4CDC-B446-EB73D10E40F0}.Release|Any CPU.ActiveCfg = Release|Any CPU
		{FAD97558-AF6F-4CDC-B446-EB73D10E40F0}.Release|Any CPU.Build.0 = Release|Any CPU
		{26DC011D-6CD6-4082-87C9-95FDB1035A85}.Debug|Any CPU.ActiveCfg = Debug|Any CPU
		{26DC011D-6CD6-4082-87C9-95FDB1035A85}.Debug|Any CPU.Build.0 = Debug|Any CPU
		{26DC011D-6CD6-4082-87C9-95FDB1035A85}.Release|Any CPU.ActiveCfg = Release|Any CPU
		{26DC011D-6CD6-4082-87C9-95FDB1035A85}.Release|Any CPU.Build.0 = Release|Any CPU
		{AF0ED3D7-70F5-4814-86E6-FED4EDFA0DF3}.Debug|Any CPU.ActiveCfg = Debug|Any CPU
		{AF0ED3D7-70F5-4814-86E6-FED4EDFA0DF3}.Debug|Any CPU.Build.0 = Debug|Any CPU
		{AF0ED3D7-70F5-4814-86E6-FED4EDFA0DF3}.Release|Any CPU.ActiveCfg = Release|Any CPU
		{AF0ED3D7-70F5-4814-86E6-FED4EDFA0DF3}.Release|Any CPU.Build.0 = Release|Any CPU
		{0A651C54-3859-46BC-9D97-6FF41FDB2282}.Debug|Any CPU.ActiveCfg = Debug|Any CPU
		{0A651C54-3859-46BC-9D97-6FF41FDB2282}.Debug|Any CPU.Build.0 = Debug|Any CPU
		{0A651C54-3859-46BC-9D97-6FF41FDB2282}.Release|Any CPU.ActiveCfg = Release|Any CPU
		{0A651C54-3859-46BC-9D97-6FF41FDB2282}.Release|Any CPU.Build.0 = Release|Any CPU
	EndGlobalSection
	GlobalSection(SolutionProperties) = preSolution
		HideSolutionNode = FALSE
	EndGlobalSection
	GlobalSection(ExtensibilityGlobals) = postSolution
		SolutionGuid = {38A943D8-3120-444F-B6DA-368CBC9D80FE}
	EndGlobalSection
EndGlobal
